// !$*UTF8*$!
{
	archiveVersion = 1;
	classes = {
	};
	objectVersion = 46;
	objects = {

/* Begin PBXBuildFile section */
		49E2874A1CB215DC00960B6A /* AppDelegate.swift in Sources */ = {isa = PBXBuildFile; fileRef = 49E287491CB215DC00960B6A /* AppDelegate.swift */; };
		49E2874C1CB215DC00960B6A /* ViewController.swift in Sources */ = {isa = PBXBuildFile; fileRef = 49E2874B1CB215DC00960B6A /* ViewController.swift */; };
		49E2874F1CB215DC00960B6A /* Main.storyboard in Resources */ = {isa = PBXBuildFile; fileRef = 49E2874D1CB215DC00960B6A /* Main.storyboard */; };
		49E287511CB215DC00960B6A /* Assets.xcassets in Resources */ = {isa = PBXBuildFile; fileRef = 49E287501CB215DC00960B6A /* Assets.xcassets */; };
		49E287541CB215DC00960B6A /* LaunchScreen.storyboard in Resources */ = {isa = PBXBuildFile; fileRef = 49E287521CB215DC00960B6A /* LaunchScreen.storyboard */; };
/* End PBXBuildFile section */

/* Begin PBXFileReference section */
		49E287461CB215DC00960B6A /* MultiplesGame.app */ = {isa = PBXFileReference; explicitFileType = wrapper.application; includeInIndex = 0; path = MultiplesGame.app; sourceTree = BUILT_PRODUCTS_DIR; };
		49E287491CB215DC00960B6A /* AppDelegate.swift */ = {isa = PBXFileReference; lastKnownFileType = sourcecode.swift; path = AppDelegate.swift; sourceTree = "<group>"; };
		49E2874B1CB215DC00960B6A /* ViewController.swift */ = {isa = PBXFileReference; lastKnownFileType = sourcecode.swift; path = ViewController.swift; sourceTree = "<group>"; };
		49E2874E1CB215DC00960B6A /* Base */ = {isa = PBXFileReference; lastKnownFileType = file.storyboard; name = Base; path = Base.lproj/Main.storyboard; sourceTree = "<group>"; };
		49E287501CB215DC00960B6A /* Assets.xcassets */ = {isa = PBXFileReference; lastKnownFileType = folder.assetcatalog; path = Assets.xcassets; sourceTree = "<group>"; };
		49E287531CB215DC00960B6A /* Base */ = {isa = PBXFileReference; lastKnownFileType = file.storyboard; name = Base; path = Base.lproj/LaunchScreen.storyboard; sourceTree = "<group>"; };
		49E287551CB215DC00960B6A /* Info.plist */ = {isa = PBXFileReference; lastKnownFileType = text.plist.xml; path = Info.plist; sourceTree = "<group>"; };
/* End PBXFileReference section */

/* Begin PBXFrameworksBuildPhase section */
		49E287431CB215DC00960B6A /* Frameworks */ = {
			isa = PBXFrameworksBuildPhase;
			buildActionMask = 2147483647;
			files = (
			);
			runOnlyForDeploymentPostprocessing = 0;
		};
/* End PBXFrameworksBuildPhase section */

/* Begin PBXGroup section */
		49E2873D1CB215DC00960B6A = {
			isa = PBXGroup;
			children = (
				49E287481CB215DC00960B6A /* MultiplesGame */,
				49E287471CB215DC00960B6A /* Products */,
			);
			sourceTree = "<group>";
		};
		49E287471CB215DC00960B6A /* Products */ = {
			isa = PBXGroup;
			children = (
				49E287461CB215DC00960B6A /* MultiplesGame.app */,
			);
			name = Products;
			sourceTree = "<group>";
		};
		49E287481CB215DC00960B6A /* MultiplesGame */ = {
			isa = PBXGroup;
			children = (
				49E287491CB215DC00960B6A /* AppDelegate.swift */,
				49E2874B1CB215DC00960B6A /* ViewController.swift */,
				49E2874D1CB215DC00960B6A /* Main.storyboard */,
				49E287501CB215DC00960B6A /* Assets.xcassets */,
				49E287521CB215DC00960B6A /* LaunchScreen.storyboard */,
				49E287551CB215DC00960B6A /* Info.plist */,
			);
			path = MultiplesGame;
			sourceTree = "<group>";
		};
/* End PBXGroup section */

/* Begin PBXNativeTarget section */
		49E287451CB215DC00960B6A /* MultiplesGame */ = {
			isa = PBXNativeTarget;
			buildConfigurationList = 49E287581CB215DC00960B6A /* Build configuration list for PBXNativeTarget "MultiplesGame" */;
			buildPhases = (
				49E287421CB215DC00960B6A /* Sources */,
				49E287431CB215DC00960B6A /* Frameworks */,
				49E287441CB215DC00960B6A /* Resources */,
			);
			buildRules = (
			);
			dependencies = (
			);
			name = MultiplesGame;
			productName = MultiplesGame;
			productReference = 49E287461CB215DC00960B6A /* MultiplesGame.app */;
			productType = "com.apple.product-type.application";
		};
/* End PBXNativeTarget section */

/* Begin PBXProject section */
		49E2873E1CB215DC00960B6A /* Project object */ = {
			isa = PBXProject;
			attributes = {
				LastSwiftUpdateCheck = 0730;
				LastUpgradeCheck = 0730;
				ORGANIZATIONNAME = "Nikhil Pagidala";
				TargetAttributes = {
					49E287451CB215DC00960B6A = {
						CreatedOnToolsVersion = 7.3;
					};
				};
			};
			buildConfigurationList = 49E287411CB215DC00960B6A /* Build configuration list for PBXProject "MultiplesGame" */;
			compatibilityVersion = "Xcode 3.2";
			developmentRegion = English;
			hasScannedForEncodings = 0;
			knownRegions = (
				en,
				Base,
			);
			mainGroup = 49E2873D1CB215DC00960B6A;
			productRefGroup = 49E287471CB215DC00960B6A /* Products */;
			projectDirPath = "";
			projectRoot = "";
			targets = (
				49E287451CB215DC00960B6A /* MultiplesGame */,
			);
		};
/* End PBXProject section */

/* Begin PBXResourcesBuildPhase section */
		49E287441CB215DC00960B6A /* Resources */ = {
			isa = PBXResourcesBuildPhase;
			buildActionMask = 2147483647;
			files = (
				49E287541CB215DC00960B6A /* LaunchScreen.storyboard in Resources */,
				49E287511CB215DC00960B6A /* Assets.xcassets in Resources */,
				49E2874F1CB215DC00960B6A /* Main.storyboard in Resources */,
			);
			runOnlyForDeploymentPostprocessing = 0;
		};
/* End PBXResourcesBuildPhase section */

/* Begin PBXSourcesBuildPhase section */
		49E287421CB215DC00960B6A /* Sources */ = {
			isa = PBXSourcesBuildPhase;
			buildActionMask = 2147483647;
			files = (
				49E2874C1CB215DC00960B6A /* ViewController.swift in Sources */,
				49E2874A1CB215DC00960B6A /* AppDelegate.swift in Sources */,
			);
			runOnlyForDeploymentPostprocessing = 0;
		};
/* End PBXSourcesBuildPhase section */

/* Begin PBXVariantGroup section */
		49E2874D1CB215DC00960B6A /* Main.storyboard */ = {
			isa = PBXVariantGroup;
			children = (
				49E2874E1CB215DC00960B6A /* Base */,
			);
			name = Main.storyboard;
			sourceTree = "<group>";
		};
		49E287521CB215DC00960B6A /* LaunchScreen.storyboard */ = {
			isa = PBXVariantGroup;
			children = (
				49E287531CB215DC00960B6A /* Base */,
			);
			name = LaunchScreen.storyboard;
			sourceTree = "<group>";
		};
/* End PBXVariantGroup section */

/* Begin XCBuildConfiguration section */
		49E287561CB215DC00960B6A /* Debug */ = {
			isa = XCBuildConfiguration;
			buildSettings = {
				ALWAYS_SEARCH_USER_PATHS = NO;
				CLANG_ANALYZER_NONNULL = YES;
				CLANG_CXX_LANGUAGE_STANDARD = "gnu++0x";
				CLANG_CXX_LIBRARY = "libc++";
				CLANG_ENABLE_MODULES = YES;
				CLANG_ENABLE_OBJC_ARC = YES;
				CLANG_WARN_BOOL_CONVERSION = YES;
				CLANG_WARN_CONSTANT_CONVERSION = YES;
				CLANG_WARN_DIRECT_OBJC_ISA_USAGE = YES_ERROR;
				CLANG_WARN_EMPTY_BODY = YES;
				CLANG_WARN_ENUM_CONVERSION = YES;
				CLANG_WARN_INT_CONVERSION = YES;
				CLANG_WARN_OBJC_ROOT_CLASS = YES_ERROR;
				CLANG_WARN_UNREACHABLE_CODE = YES;
				CLANG_WARN__DUPLICATE_METHOD_MATCH = YES;
				"CODE_SIGN_IDENTITY[sdk=iphoneos*]" = "iPhone Developer";
				COPY_PHASE_STRIP = NO;
				DEBUG_INFORMATION_FORMAT = dwarf;
				ENABLE_STRICT_OBJC_MSGSEND = YES;
				ENABLE_TESTABILITY = YES;
				GCC_C_LANGUAGE_STANDARD = gnu99;
				GCC_DYNAMIC_NO_PIC = NO;
				GCC_NO_COMMON_BLOCKS = YES;
				GCC_OPTIMIZATION_LEVEL = 0;
				GCC_PREPROCESSOR_DEFINITIONS = (
					"DEBUG=1",
					"$(inherited)",
				);
				GCC_WARN_64_TO_32_BIT_CONVERSION = YES;
				GCC_WARN_ABOUT_RETURN_TYPE = YES_ERROR;
				GCC_WARN_UNDECLARED_SELECTOR = YES;
				GCC_WARN_UNINITIALIZED_AUTOS = YES_AGGRESSIVE;
				GCC_WARN_UNUSED_FUNCTION = YES;
				GCC_WARN_UNUSED_VARIABLE = YES;
				IPHONEOS_DEPLOYMENT_TARGET = 9.3;
				MTL_ENABLE_DEBUG_INFO = YES;
				ONLY_ACTIVE_ARCH = YES;
				SDKROOT = iphoneos;
				SWIFT_OPTIMIZATION_LEVEL = "-Onone";
			};
			name = Debug;
		};
		49E287571CB215DC00960B6A /* Release */ = {
			isa = XCBuildConfiguration;
			buildSettings = {
				ALWAYS_SEARCH_USER_PATHS = NO;
				CLANG_ANALYZER_NONNULL = YES;
				CLANG_CXX_LANGUAGE_STANDARD = "gnu++0x";
				CLANG_CXX_LIBRARY = "libc++";
				CLANG_ENABLE_MODULES = YES;
				CLANG_ENABLE_OBJC_ARC = YES;
				CLANG_WARN_BOOL_CONVERSION = YES;
				CLANG_WARN_CONSTANT_CONVERSION = YES;
				CLANG_WARN_DIRECT_OBJC_ISA_USAGE = YES_ERROR;
				CLANG_WARN_EMPTY_BODY = YES;
				CLANG_WARN_ENUM_CONVERSION = YES;
				CLANG_WARN_INT_CONVERSION = YES;
				CLANG_WARN_OBJC_ROOT_CLASS = YES_ERROR;
				CLANG_WARN_UNREACHABLE_CODE = YES;
				CLANG_WARN__DUPLICATE_METHOD_MATCH = YES;
				"CODE_SIGN_IDENTITY[sdk=iphoneos*]" = "iPhone Developer";
				COPY_PHASE_STRIP = NO;
				DEBUG_INFORMATION_FORMAT = "dwarf-with-dsym";
				ENABLE_NS_ASSERTIONS = NO;
				ENABLE_STRICT_OBJC_MSGSEND = YES;
				GCC_C_LANGUAGE_STANDARD = gnu99;
				GCC_NO_COMMON_BLOCKS = YES;
				GCC_WARN_64_TO_32_BIT_CONVERSION = YES;
				GCC_WARN_ABOUT_RETURN_TYPE = YES_ERROR;
				GCC_WARN_UNDECLARED_SELECTOR = YES;
				GCC_WARN_UNINITIALIZED_AUTOS = YES_AGGRESSIVE;
				GCC_WARN_UNUSED_FUNCTION = YES;
				GCC_WARN_UNUSED_VARIABLE = YES;
				IPHONEOS_DEPLOYMENT_TARGET = 9.3;
				MTL_ENABLE_DEBUG_INFO = NO;
				SDKROOT = iphoneos;
				VALIDATE_PRODUCT = YES;
			};
			name = Release;
		};
		49E287591CB215DC00960B6A /* Debug */ = {
			isa = XCBuildConfiguration;
			buildSettings = {
				ASSETCATALOG_COMPILER_APPICON_NAME = AppIcon;
				INFOPLIST_FILE = MultiplesGame/Info.plist;
				LD_RUNPATH_SEARCH_PATHS = "$(inherited) @executable_path/Frameworks";
				PRODUCT_BUNDLE_IDENTIFIER = com.nikpcali.MultiplesGame;
				PRODUCT_NAME = "$(TARGET_NAME)";
			};
			name = Debug;
		};
		49E2875A1CB215DC00960B6A /* Release */ = {
			isa = XCBuildConfiguration;
			buildSettings = {
				ASSETCATALOG_COMPILER_APPICON_NAME = AppIcon;
				INFOPLIST_FILE = MultiplesGame/Info.plist;
				LD_RUNPATH_SEARCH_PATHS = "$(inherited) @executable_path/Frameworks";
				PRODUCT_BUNDLE_IDENTIFIER = com.nikpcali.MultiplesGame;
				PRODUCT_NAME = "$(TARGET_NAME)";
			};
			name = Release;
		};
/* End XCBuildConfiguration section */

/* Begin XCConfigurationList section */
		49E287411CB215DC00960B6A /* Build configuration list for PBXProject "MultiplesGame" */ = {
			isa = XCConfigurationList;
			buildConfigurations = (
				49E287561CB215DC00960B6A /* Debug */,
				49E287571CB215DC00960B6A /* Release */,
			);
			defaultConfigurationIsVisible = 0;
			defaultConfigurationName = Release;
		};
		49E287581CB215DC00960B6A /* Build configuration list for PBXNativeTarget "MultiplesGame" */ = {
			isa = XCConfigurationList;
			buildConfigurations = (
				49E287591CB215DC00960B6A /* Debug */,
				49E2875A1CB215DC00960B6A /* Release */,
			);
			defaultConfigurationIsVisible = 0;
		};
/* End XCConfigurationList section */
	};
	rootObject = 49E2873E1CB215DC00960B6A /* Project object */;
}
